
Microsoft Visual Studio Solution File, Format Version 12.00
# Visual Studio Version 17
VisualStudioVersion = 17.9.34616.47
MinimumVisualStudioVersion = 10.0.40219.1
Project("{FAE04EC0-301F-11D3-BF4B-00C04F79EFBC}") = "Project.WebApi", "WebApi\Project.WebApi.csproj", "{67FF9930-4FE8-416F-A22D-4C8483AA3F57}"
EndProject
Project("{FAE04EC0-301F-11D3-BF4B-00C04F79EFBC}") = "Project.Dtos", "Dto\Project.Dtos.csproj", "{6115C79D-2C1B-40C5-9C09-15644963DC00}"
EndProject
Global
	GlobalSection(SolutionConfigurationPlatforms) = preSolution
		Debug|Any CPU = Debug|Any CPU
		Release|Any CPU = Release|Any CPU
	EndGlobalSection
	GlobalSection(ProjectConfigurationPlatforms) = postSolution
		{67FF9930-4FE8-416F-A22D-4C8483AA3F57}.Debug|Any CPU.ActiveCfg = Debug|Any CPU
		{67FF9930-4FE8-416F-A22D-4C8483AA3F57}.Debug|Any CPU.Build.0 = Debug|Any CPU
		{67FF9930-4FE8-416F-A22D-4C8483AA3F57}.Release|Any CPU.ActiveCfg = Release|Any CPU
		{67FF9930-4FE8-416F-A22D-4C8483AA3F57}.Release|Any CPU.Build.0 = Release|Any CPU
		{6115C79D-2C1B-40C5-9C09-15644963DC00}.Debug|Any CPU.ActiveCfg = Debug|Any CPU
		{6115C79D-2C1B-40C5-9C09-15644963DC00}.Debug|Any CPU.Build.0 = Debug|Any CPU
		{6115C79D-2C1B-40C5-9C09-15644963DC00}.Release|Any CPU.ActiveCfg = Release|Any CPU
		{6115C79D-2C1B-40C5-9C09-15644963DC00}.Release|Any CPU.Build.0 = Release|Any CPU
	EndGlobalSection
	GlobalSection(SolutionProperties) = preSolution
		HideSolutionNode = FALSE
	EndGlobalSection
	GlobalSection(ExtensibilityGlobals) = postSolution
		SolutionGuid = {0696E4B3-49AC-4D0E-B71E-482ED1320BCD}
	EndGlobalSection
EndGlobal
